// !$*UTF8*$!
{
	archiveVersion = 1;
	classes = {
	};
	objectVersion = 56;
	objects = {

/* Begin PBXBuildFile section */
		00757E8429AF9C6F0044EA2A /* DetailRecipeData.swift in Sources */ = {isa = PBXBuildFile; fileRef = 00757E8329AF9C6F0044EA2A /* DetailRecipeData.swift */; };
		1079E7D029ACBBC300D16854 /* .gitignore in Resources */ = {isa = PBXBuildFile; fileRef = 1079E7CF29ACBBC300D16854 /* .gitignore */; };
		10A8E4DF29AD6054009D2134 /* CateroryCell.swift in Sources */ = {isa = PBXBuildFile; fileRef = 10A8E4DE29AD6054009D2134 /* CateroryCell.swift */; };
		11220BAB29B22ED400BF9851 /* RecipeError.swift in Sources */ = {isa = PBXBuildFile; fileRef = 11220BAA29B22ED400BF9851 /* RecipeError.swift */; };
		1173B46429B2060A00300306 /* RecipeData.swift in Sources */ = {isa = PBXBuildFile; fileRef = 1173B46329B2060A00300306 /* RecipeData.swift */; };
		11BCDF6029B484C40062D9C2 /* Kingfisher in Frameworks */ = {isa = PBXBuildFile; productRef = 11BCDF5F29B484C40062D9C2 /* Kingfisher */; };
		63C10ECC29B0ED8100507CF8 /* PopularCell.swift in Sources */ = {isa = PBXBuildFile; fileRef = 63C10ECB29B0ED8100507CF8 /* PopularCell.swift */; };
		B5B96ACE29ACD240009B31BB /* NetworkService.swift in Sources */ = {isa = PBXBuildFile; fileRef = B5B96ACD29ACD240009B31BB /* NetworkService.swift */; };
		B5FC5B8D29ACA0E40083631C /* AppDelegate.swift in Sources */ = {isa = PBXBuildFile; fileRef = B5FC5B8C29ACA0E40083631C /* AppDelegate.swift */; };
		B5FC5B8F29ACA0E40083631C /* SceneDelegate.swift in Sources */ = {isa = PBXBuildFile; fileRef = B5FC5B8E29ACA0E40083631C /* SceneDelegate.swift */; };
		B5FC5B9129ACA0E40083631C /* MainViewController.swift in Sources */ = {isa = PBXBuildFile; fileRef = B5FC5B9029ACA0E40083631C /* MainViewController.swift */; };
		B5FC5B9629ACA0E50083631C /* Assets.xcassets in Resources */ = {isa = PBXBuildFile; fileRef = B5FC5B9529ACA0E50083631C /* Assets.xcassets */; };
		B5FC5B9929ACA0E50083631C /* LaunchScreen.storyboard in Resources */ = {isa = PBXBuildFile; fileRef = B5FC5B9729ACA0E50083631C /* LaunchScreen.storyboard */; };
		B5FC5BA729ACA3EC0083631C /* DetailRecipeViewController.swift in Sources */ = {isa = PBXBuildFile; fileRef = B5FC5BA629ACA3EC0083631C /* DetailRecipeViewController.swift */; };
		B5FC5BA929ACA40B0083631C /* FavoriteViewController.swift in Sources */ = {isa = PBXBuildFile; fileRef = B5FC5BA829ACA40B0083631C /* FavoriteViewController.swift */; };
		B5FC5BAB29ACA4230083631C /* CategoryRecipesViewController.swift in Sources */ = {isa = PBXBuildFile; fileRef = B5FC5BAA29ACA4230083631C /* CategoryRecipesViewController.swift */; };
		B5FC5BAE29ACB5B40083631C /* TabBarController.swift in Sources */ = {isa = PBXBuildFile; fileRef = B5FC5BAD29ACB5B40083631C /* TabBarController.swift */; };
/* End PBXBuildFile section */

/* Begin PBXFileReference section */
		00757E8329AF9C6F0044EA2A /* DetailRecipeData.swift */ = {isa = PBXFileReference; lastKnownFileType = sourcecode.swift; path = DetailRecipeData.swift; sourceTree = "<group>"; };
		1079E7CF29ACBBC300D16854 /* .gitignore */ = {isa = PBXFileReference; lastKnownFileType = text; path = .gitignore; sourceTree = "<group>"; };
		10A8E4DE29AD6054009D2134 /* CateroryCell.swift */ = {isa = PBXFileReference; lastKnownFileType = sourcecode.swift; path = CateroryCell.swift; sourceTree = "<group>"; };
		11220BAA29B22ED400BF9851 /* RecipeError.swift */ = {isa = PBXFileReference; lastKnownFileType = sourcecode.swift; path = RecipeError.swift; sourceTree = "<group>"; };
		1173B46329B2060A00300306 /* RecipeData.swift */ = {isa = PBXFileReference; lastKnownFileType = sourcecode.swift; path = RecipeData.swift; sourceTree = "<group>"; };
		63C10ECB29B0ED8100507CF8 /* PopularCell.swift */ = {isa = PBXFileReference; lastKnownFileType = sourcecode.swift; path = PopularCell.swift; sourceTree = "<group>"; };
		B5B96ACD29ACD240009B31BB /* NetworkService.swift */ = {isa = PBXFileReference; lastKnownFileType = sourcecode.swift; path = NetworkService.swift; sourceTree = "<group>"; };
		B5FC5B8929ACA0E40083631C /* spoonacularRecipes.app */ = {isa = PBXFileReference; explicitFileType = wrapper.application; includeInIndex = 0; path = spoonacularRecipes.app; sourceTree = BUILT_PRODUCTS_DIR; };
		B5FC5B8C29ACA0E40083631C /* AppDelegate.swift */ = {isa = PBXFileReference; lastKnownFileType = sourcecode.swift; path = AppDelegate.swift; sourceTree = "<group>"; };
		B5FC5B8E29ACA0E40083631C /* SceneDelegate.swift */ = {isa = PBXFileReference; lastKnownFileType = sourcecode.swift; path = SceneDelegate.swift; sourceTree = "<group>"; };
		B5FC5B9029ACA0E40083631C /* MainViewController.swift */ = {isa = PBXFileReference; lastKnownFileType = sourcecode.swift; path = MainViewController.swift; sourceTree = "<group>"; };
		B5FC5B9529ACA0E50083631C /* Assets.xcassets */ = {isa = PBXFileReference; lastKnownFileType = folder.assetcatalog; path = Assets.xcassets; sourceTree = "<group>"; };
		B5FC5B9829ACA0E50083631C /* Base */ = {isa = PBXFileReference; lastKnownFileType = file.storyboard; name = Base; path = Base.lproj/LaunchScreen.storyboard; sourceTree = "<group>"; };
		B5FC5B9A29ACA0E50083631C /* Info.plist */ = {isa = PBXFileReference; lastKnownFileType = text.plist.xml; path = Info.plist; sourceTree = "<group>"; };
		B5FC5BA629ACA3EC0083631C /* DetailRecipeViewController.swift */ = {isa = PBXFileReference; lastKnownFileType = sourcecode.swift; path = DetailRecipeViewController.swift; sourceTree = "<group>"; };
		B5FC5BA829ACA40B0083631C /* FavoriteViewController.swift */ = {isa = PBXFileReference; lastKnownFileType = sourcecode.swift; path = FavoriteViewController.swift; sourceTree = "<group>"; };
		B5FC5BAA29ACA4230083631C /* CategoryRecipesViewController.swift */ = {isa = PBXFileReference; lastKnownFileType = sourcecode.swift; path = CategoryRecipesViewController.swift; sourceTree = "<group>"; };
		B5FC5BAD29ACB5B40083631C /* TabBarController.swift */ = {isa = PBXFileReference; lastKnownFileType = sourcecode.swift; path = TabBarController.swift; sourceTree = "<group>"; };
/* End PBXFileReference section */

/* Begin PBXFrameworksBuildPhase section */
		B5FC5B8629ACA0E40083631C /* Frameworks */ = {
			isa = PBXFrameworksBuildPhase;
			buildActionMask = 2147483647;
			files = (
				11BCDF6029B484C40062D9C2 /* Kingfisher in Frameworks */,
			);
			runOnlyForDeploymentPostprocessing = 0;
		};
/* End PBXFrameworksBuildPhase section */

/* Begin PBXGroup section */
		10A8E4D929AD5817009D2134 /* Controller */ = {
			isa = PBXGroup;
			children = (
				B5FC5BAA29ACA4230083631C /* CategoryRecipesViewController.swift */,
			);
			path = Controller;
			sourceTree = "<group>";
		};
		10A8E4DD29AD6027009D2134 /* Cell */ = {
			isa = PBXGroup;
			children = (
				10A8E4DE29AD6054009D2134 /* CateroryCell.swift */,
			);
			path = Cell;
			sourceTree = "<group>";
		};
		1173B46229B2059E00300306 /* Models */ = {
			isa = PBXGroup;
			children = (
				00757E8329AF9C6F0044EA2A /* DetailRecipeData.swift */,
				1173B46329B2060A00300306 /* RecipeData.swift */,
				11220BAA29B22ED400BF9851 /* RecipeError.swift */,
			);
			path = Models;
			sourceTree = "<group>";
		};
		63C10EC929B0ED5300507CF8 /* Controller */ = {
			isa = PBXGroup;
			children = (
				B5FC5B9029ACA0E40083631C /* MainViewController.swift */,
			);
			path = Controller;
			sourceTree = "<group>";
		};
		63C10ECA29B0ED6200507CF8 /* Cell */ = {
			isa = PBXGroup;
			children = (
				63C10ECB29B0ED8100507CF8 /* PopularCell.swift */,
			);
			path = Cell;
			sourceTree = "<group>";
		};
		B5B96ACA29ACD20B009B31BB /* Service */ = {
			isa = PBXGroup;
			children = (
				B5B96ACD29ACD240009B31BB /* NetworkService.swift */,
			);
			path = Service;
			sourceTree = "<group>";
		};
		B5FC5B8029ACA0E30083631C = {
			isa = PBXGroup;
			children = (
				1079E7CF29ACBBC300D16854 /* .gitignore */,
				B5FC5B8B29ACA0E40083631C /* spoonacularRecipes */,
				B5FC5B8A29ACA0E40083631C /* Products */,
			);
			sourceTree = "<group>";
		};
		B5FC5B8A29ACA0E40083631C /* Products */ = {
			isa = PBXGroup;
			children = (
				B5FC5B8929ACA0E40083631C /* spoonacularRecipes.app */,
			);
			name = Products;
			sourceTree = "<group>";
		};
		B5FC5B8B29ACA0E40083631C /* spoonacularRecipes */ = {
			isa = PBXGroup;
			children = (
				1173B46229B2059E00300306 /* Models */,
				B5FC5BAD29ACB5B40083631C /* TabBarController.swift */,
				B5FC5BA029ACA18F0083631C /* Application */,
				B5FC5BA229ACA20F0083631C /* MainScreen */,
				B5FC5BA429ACA3390083631C /* DetailRecipeScreen */,
				B5FC5BA329ACA2350083631C /* FavoriteScreen */,
				B5FC5BA529ACA3660083631C /* CategoryRecipesScreen */,
				B5B96ACA29ACD20B009B31BB /* Service */,
				B5FC5BA129ACA1A30083631C /* Resource */,
			);
			path = spoonacularRecipes;
			sourceTree = "<group>";
		};
		B5FC5BA029ACA18F0083631C /* Application */ = {
			isa = PBXGroup;
			children = (
				B5FC5B8C29ACA0E40083631C /* AppDelegate.swift */,
				B5FC5B8E29ACA0E40083631C /* SceneDelegate.swift */,
			);
			path = Application;
			sourceTree = "<group>";
		};
		B5FC5BA129ACA1A30083631C /* Resource */ = {
			isa = PBXGroup;
			children = (
				B5FC5B9529ACA0E50083631C /* Assets.xcassets */,
				B5FC5B9A29ACA0E50083631C /* Info.plist */,
			);
			path = Resource;
			sourceTree = "<group>";
		};
		B5FC5BA229ACA20F0083631C /* MainScreen */ = {
			isa = PBXGroup;
			children = (
				63C10ECA29B0ED6200507CF8 /* Cell */,
				63C10EC929B0ED5300507CF8 /* Controller */,
				B5FC5B9729ACA0E50083631C /* LaunchScreen.storyboard */,
			);
			path = MainScreen;
			sourceTree = "<group>";
		};
		B5FC5BA329ACA2350083631C /* FavoriteScreen */ = {
			isa = PBXGroup;
			children = (
				B5FC5BA829ACA40B0083631C /* FavoriteViewController.swift */,
			);
			path = FavoriteScreen;
			sourceTree = "<group>";
		};
		B5FC5BA429ACA3390083631C /* DetailRecipeScreen */ = {
			isa = PBXGroup;
			children = (
				B5FC5BA629ACA3EC0083631C /* DetailRecipeViewController.swift */,
			);
			path = DetailRecipeScreen;
			sourceTree = "<group>";
		};
		B5FC5BA529ACA3660083631C /* CategoryRecipesScreen */ = {
			isa = PBXGroup;
			children = (
				10A8E4DD29AD6027009D2134 /* Cell */,
				10A8E4D929AD5817009D2134 /* Controller */,
			);
			path = CategoryRecipesScreen;
			sourceTree = "<group>";
		};
/* End PBXGroup section */

/* Begin PBXNativeTarget section */
		B5FC5B8829ACA0E40083631C /* spoonacularRecipes */ = {
			isa = PBXNativeTarget;
			buildConfigurationList = B5FC5B9D29ACA0E50083631C /* Build configuration list for PBXNativeTarget "spoonacularRecipes" */;
			buildPhases = (
				B5FC5B8529ACA0E40083631C /* Sources */,
				B5FC5B8629ACA0E40083631C /* Frameworks */,
				B5FC5B8729ACA0E40083631C /* Resources */,
			);
			buildRules = (
			);
			dependencies = (
			);
			name = spoonacularRecipes;
			packageProductDependencies = (
				11BCDF5F29B484C40062D9C2 /* Kingfisher */,
			);
			productName = spoonacularRecipes;
			productReference = B5FC5B8929ACA0E40083631C /* spoonacularRecipes.app */;
			productType = "com.apple.product-type.application";
		};
/* End PBXNativeTarget section */

/* Begin PBXProject section */
		B5FC5B8129ACA0E30083631C /* Project object */ = {
			isa = PBXProject;
			attributes = {
				BuildIndependentTargetsInParallel = 1;
				LastSwiftUpdateCheck = 1410;
				LastUpgradeCheck = 1410;
				TargetAttributes = {
					B5FC5B8829ACA0E40083631C = {
						CreatedOnToolsVersion = 14.1;
					};
				};
			};
			buildConfigurationList = B5FC5B8429ACA0E30083631C /* Build configuration list for PBXProject "spoonacularRecipes" */;
			compatibilityVersion = "Xcode 14.0";
			developmentRegion = en;
			hasScannedForEncodings = 0;
			knownRegions = (
				en,
				Base,
			);
			mainGroup = B5FC5B8029ACA0E30083631C;
			packageReferences = (
				11BCDF5E29B484C40062D9C2 /* XCRemoteSwiftPackageReference "Kingfisher" */,
			);
			productRefGroup = B5FC5B8A29ACA0E40083631C /* Products */;
			projectDirPath = "";
			projectRoot = "";
			targets = (
				B5FC5B8829ACA0E40083631C /* spoonacularRecipes */,
			);
		};
/* End PBXProject section */

/* Begin PBXResourcesBuildPhase section */
		B5FC5B8729ACA0E40083631C /* Resources */ = {
			isa = PBXResourcesBuildPhase;
			buildActionMask = 2147483647;
			files = (
				1079E7D029ACBBC300D16854 /* .gitignore in Resources */,
				B5FC5B9929ACA0E50083631C /* LaunchScreen.storyboard in Resources */,
				B5FC5B9629ACA0E50083631C /* Assets.xcassets in Resources */,
			);
			runOnlyForDeploymentPostprocessing = 0;
		};
/* End PBXResourcesBuildPhase section */

/* Begin PBXSourcesBuildPhase section */
		B5FC5B8529ACA0E40083631C /* Sources */ = {
			isa = PBXSourcesBuildPhase;
			buildActionMask = 2147483647;
			files = (
				B5FC5BAB29ACA4230083631C /* CategoryRecipesViewController.swift in Sources */,
				B5FC5B9129ACA0E40083631C /* MainViewController.swift in Sources */,
				B5FC5B8D29ACA0E40083631C /* AppDelegate.swift in Sources */,
				11220BAB29B22ED400BF9851 /* RecipeError.swift in Sources */,
				1173B46429B2060A00300306 /* RecipeData.swift in Sources */,
				63C10ECC29B0ED8100507CF8 /* PopularCell.swift in Sources */,
				10A8E4DF29AD6054009D2134 /* CateroryCell.swift in Sources */,
				B5FC5BA729ACA3EC0083631C /* DetailRecipeViewController.swift in Sources */,
				B5B96ACE29ACD240009B31BB /* NetworkService.swift in Sources */,
				00757E8429AF9C6F0044EA2A /* DetailRecipeData.swift in Sources */,
				B5FC5BAE29ACB5B40083631C /* TabBarController.swift in Sources */,
				B5FC5B8F29ACA0E40083631C /* SceneDelegate.swift in Sources */,
				B5FC5BA929ACA40B0083631C /* FavoriteViewController.swift in Sources */,
			);
			runOnlyForDeploymentPostprocessing = 0;
		};
/* End PBXSourcesBuildPhase section */

/* Begin PBXVariantGroup section */
		B5FC5B9729ACA0E50083631C /* LaunchScreen.storyboard */ = {
			isa = PBXVariantGroup;
			children = (
				B5FC5B9829ACA0E50083631C /* Base */,
			);
			name = LaunchScreen.storyboard;
			sourceTree = "<group>";
		};
/* End PBXVariantGroup section */

/* Begin XCBuildConfiguration section */
		B5FC5B9B29ACA0E50083631C /* Debug */ = {
			isa = XCBuildConfiguration;
			buildSettings = {
				ALWAYS_SEARCH_USER_PATHS = NO;
				CLANG_ANALYZER_NONNULL = YES;
				CLANG_ANALYZER_NUMBER_OBJECT_CONVERSION = YES_AGGRESSIVE;
				CLANG_CXX_LANGUAGE_STANDARD = "gnu++20";
				CLANG_ENABLE_MODULES = YES;
				CLANG_ENABLE_OBJC_ARC = YES;
				CLANG_ENABLE_OBJC_WEAK = YES;
				CLANG_WARN_BLOCK_CAPTURE_AUTORELEASING = YES;
				CLANG_WARN_BOOL_CONVERSION = YES;
				CLANG_WARN_COMMA = YES;
				CLANG_WARN_CONSTANT_CONVERSION = YES;
				CLANG_WARN_DEPRECATED_OBJC_IMPLEMENTATIONS = YES;
				CLANG_WARN_DIRECT_OBJC_ISA_USAGE = YES_ERROR;
				CLANG_WARN_DOCUMENTATION_COMMENTS = YES;
				CLANG_WARN_EMPTY_BODY = YES;
				CLANG_WARN_ENUM_CONVERSION = YES;
				CLANG_WARN_INFINITE_RECURSION = YES;
				CLANG_WARN_INT_CONVERSION = YES;
				CLANG_WARN_NON_LITERAL_NULL_CONVERSION = YES;
				CLANG_WARN_OBJC_IMPLICIT_RETAIN_SELF = YES;
				CLANG_WARN_OBJC_LITERAL_CONVERSION = YES;
				CLANG_WARN_OBJC_ROOT_CLASS = YES_ERROR;
				CLANG_WARN_QUOTED_INCLUDE_IN_FRAMEWORK_HEADER = YES;
				CLANG_WARN_RANGE_LOOP_ANALYSIS = YES;
				CLANG_WARN_STRICT_PROTOTYPES = YES;
				CLANG_WARN_SUSPICIOUS_MOVE = YES;
				CLANG_WARN_UNGUARDED_AVAILABILITY = YES_AGGRESSIVE;
				CLANG_WARN_UNREACHABLE_CODE = YES;
				CLANG_WARN__DUPLICATE_METHOD_MATCH = YES;
				COPY_PHASE_STRIP = NO;
				DEBUG_INFORMATION_FORMAT = dwarf;
				ENABLE_STRICT_OBJC_MSGSEND = YES;
				ENABLE_TESTABILITY = YES;
				GCC_C_LANGUAGE_STANDARD = gnu11;
				GCC_DYNAMIC_NO_PIC = NO;
				GCC_NO_COMMON_BLOCKS = YES;
				GCC_OPTIMIZATION_LEVEL = 0;
				GCC_PREPROCESSOR_DEFINITIONS = (
					"DEBUG=1",
					"$(inherited)",
				);
				GCC_WARN_64_TO_32_BIT_CONVERSION = YES;
				GCC_WARN_ABOUT_RETURN_TYPE = YES_ERROR;
				GCC_WARN_UNDECLARED_SELECTOR = YES;
				GCC_WARN_UNINITIALIZED_AUTOS = YES_AGGRESSIVE;
				GCC_WARN_UNUSED_FUNCTION = YES;
				GCC_WARN_UNUSED_VARIABLE = YES;
				IPHONEOS_DEPLOYMENT_TARGET = 14.0;
				MTL_ENABLE_DEBUG_INFO = INCLUDE_SOURCE;
				MTL_FAST_MATH = YES;
				ONLY_ACTIVE_ARCH = YES;
				SDKROOT = iphoneos;
				SWIFT_ACTIVE_COMPILATION_CONDITIONS = DEBUG;
				SWIFT_OPTIMIZATION_LEVEL = "-Onone";
			};
			name = Debug;
		};
		B5FC5B9C29ACA0E50083631C /* Release */ = {
			isa = XCBuildConfiguration;
			buildSettings = {
				ALWAYS_SEARCH_USER_PATHS = NO;
				CLANG_ANALYZER_NONNULL = YES;
				CLANG_ANALYZER_NUMBER_OBJECT_CONVERSION = YES_AGGRESSIVE;
				CLANG_CXX_LANGUAGE_STANDARD = "gnu++20";
				CLANG_ENABLE_MODULES = YES;
				CLANG_ENABLE_OBJC_ARC = YES;
				CLANG_ENABLE_OBJC_WEAK = YES;
				CLANG_WARN_BLOCK_CAPTURE_AUTORELEASING = YES;
				CLANG_WARN_BOOL_CONVERSION = YES;
				CLANG_WARN_COMMA = YES;
				CLANG_WARN_CONSTANT_CONVERSION = YES;
				CLANG_WARN_DEPRECATED_OBJC_IMPLEMENTATIONS = YES;
				CLANG_WARN_DIRECT_OBJC_ISA_USAGE = YES_ERROR;
				CLANG_WARN_DOCUMENTATION_COMMENTS = YES;
				CLANG_WARN_EMPTY_BODY = YES;
				CLANG_WARN_ENUM_CONVERSION = YES;
				CLANG_WARN_INFINITE_RECURSION = YES;
				CLANG_WARN_INT_CONVERSION = YES;
				CLANG_WARN_NON_LITERAL_NULL_CONVERSION = YES;
				CLANG_WARN_OBJC_IMPLICIT_RETAIN_SELF = YES;
				CLANG_WARN_OBJC_LITERAL_CONVERSION = YES;
				CLANG_WARN_OBJC_ROOT_CLASS = YES_ERROR;
				CLANG_WARN_QUOTED_INCLUDE_IN_FRAMEWORK_HEADER = YES;
				CLANG_WARN_RANGE_LOOP_ANALYSIS = YES;
				CLANG_WARN_STRICT_PROTOTYPES = YES;
				CLANG_WARN_SUSPICIOUS_MOVE = YES;
				CLANG_WARN_UNGUARDED_AVAILABILITY = YES_AGGRESSIVE;
				CLANG_WARN_UNREACHABLE_CODE = YES;
				CLANG_WARN__DUPLICATE_METHOD_MATCH = YES;
				COPY_PHASE_STRIP = NO;
				DEBUG_INFORMATION_FORMAT = "dwarf-with-dsym";
				ENABLE_NS_ASSERTIONS = NO;
				ENABLE_STRICT_OBJC_MSGSEND = YES;
				GCC_C_LANGUAGE_STANDARD = gnu11;
				GCC_NO_COMMON_BLOCKS = YES;
				GCC_WARN_64_TO_32_BIT_CONVERSION = YES;
				GCC_WARN_ABOUT_RETURN_TYPE = YES_ERROR;
				GCC_WARN_UNDECLARED_SELECTOR = YES;
				GCC_WARN_UNINITIALIZED_AUTOS = YES_AGGRESSIVE;
				GCC_WARN_UNUSED_FUNCTION = YES;
				GCC_WARN_UNUSED_VARIABLE = YES;
				IPHONEOS_DEPLOYMENT_TARGET = 14.0;
				MTL_ENABLE_DEBUG_INFO = NO;
				MTL_FAST_MATH = YES;
				SDKROOT = iphoneos;
				SWIFT_COMPILATION_MODE = wholemodule;
				SWIFT_OPTIMIZATION_LEVEL = "-O";
				VALIDATE_PRODUCT = YES;
			};
			name = Release;
		};
		B5FC5B9E29ACA0E50083631C /* Debug */ = {
			isa = XCBuildConfiguration;
			buildSettings = {
				ASSETCATALOG_COMPILER_APPICON_NAME = AppIcon;
				ASSETCATALOG_COMPILER_GLOBAL_ACCENT_COLOR_NAME = AccentColor;
				CODE_SIGN_STYLE = Automatic;
				CURRENT_PROJECT_VERSION = 1;
				DEVELOPMENT_TEAM = 37FQQ4WXUX;
				GENERATE_INFOPLIST_FILE = YES;
				INFOPLIST_FILE = spoonacularRecipes/Resource/Info.plist;
				INFOPLIST_KEY_UIApplicationSupportsIndirectInputEvents = YES;
				INFOPLIST_KEY_UILaunchStoryboardName = LaunchScreen;
				INFOPLIST_KEY_UISupportedInterfaceOrientations = UIInterfaceOrientationPortrait;
				INFOPLIST_KEY_UISupportedInterfaceOrientations_iPad = "UIInterfaceOrientationLandscapeLeft UIInterfaceOrientationLandscapeRight UIInterfaceOrientationPortrait UIInterfaceOrientationPortraitUpsideDown";
				IPHONEOS_DEPLOYMENT_TARGET = 14.0;
				LD_RUNPATH_SEARCH_PATHS = (
					"$(inherited)",
					"@executable_path/Frameworks",
				);
				MARKETING_VERSION = 1.0;
				PRODUCT_BUNDLE_IDENTIFIER = alexei.poprotskii.spoonacularRecipes;
				PRODUCT_NAME = "$(TARGET_NAME)";
				SUPPORTED_PLATFORMS = "iphoneos iphonesimulator";
				SUPPORTS_MACCATALYST = NO;
				SUPPORTS_MAC_DESIGNED_FOR_IPHONE_IPAD = NO;
				SWIFT_EMIT_LOC_STRINGS = YES;
				SWIFT_VERSION = 5.0;
				TARGETED_DEVICE_FAMILY = 1;
			};
			name = Debug;
		};
		B5FC5B9F29ACA0E50083631C /* Release */ = {
			isa = XCBuildConfiguration;
			buildSettings = {
				ASSETCATALOG_COMPILER_APPICON_NAME = AppIcon;
				ASSETCATALOG_COMPILER_GLOBAL_ACCENT_COLOR_NAME = AccentColor;
				CODE_SIGN_STYLE = Automatic;
				CURRENT_PROJECT_VERSION = 1;
				DEVELOPMENT_TEAM = 37FQQ4WXUX;
				GENERATE_INFOPLIST_FILE = YES;
				INFOPLIST_FILE = spoonacularRecipes/Resource/Info.plist;
				INFOPLIST_KEY_UIApplicationSupportsIndirectInputEvents = YES;
				INFOPLIST_KEY_UILaunchStoryboardName = LaunchScreen;
				INFOPLIST_KEY_UISupportedInterfaceOrientations = UIInterfaceOrientationPortrait;
				INFOPLIST_KEY_UISupportedInterfaceOrientations_iPad = "UIInterfaceOrientationLandscapeLeft UIInterfaceOrientationLandscapeRight UIInterfaceOrientationPortrait UIInterfaceOrientationPortraitUpsideDown";
				IPHONEOS_DEPLOYMENT_TARGET = 14.0;
				LD_RUNPATH_SEARCH_PATHS = (
					"$(inherited)",
					"@executable_path/Frameworks",
				);
				MARKETING_VERSION = 1.0;
				PRODUCT_BUNDLE_IDENTIFIER = alexei.poprotskii.spoonacularRecipes;
				PRODUCT_NAME = "$(TARGET_NAME)";
				SUPPORTED_PLATFORMS = "iphoneos iphonesimulator";
				SUPPORTS_MACCATALYST = NO;
				SUPPORTS_MAC_DESIGNED_FOR_IPHONE_IPAD = NO;
				SWIFT_EMIT_LOC_STRINGS = YES;
				SWIFT_VERSION = 5.0;
				TARGETED_DEVICE_FAMILY = 1;
			};
			name = Release;
		};
/* End XCBuildConfiguration section */

/* Begin XCConfigurationList section */
		B5FC5B8429ACA0E30083631C /* Build configuration list for PBXProject "spoonacularRecipes" */ = {
			isa = XCConfigurationList;
			buildConfigurations = (
				B5FC5B9B29ACA0E50083631C /* Debug */,
				B5FC5B9C29ACA0E50083631C /* Release */,
			);
			defaultConfigurationIsVisible = 0;
			defaultConfigurationName = Release;
		};
		B5FC5B9D29ACA0E50083631C /* Build configuration list for PBXNativeTarget "spoonacularRecipes" */ = {
			isa = XCConfigurationList;
			buildConfigurations = (
				B5FC5B9E29ACA0E50083631C /* Debug */,
				B5FC5B9F29ACA0E50083631C /* Release */,
			);
			defaultConfigurationIsVisible = 0;
			defaultConfigurationName = Release;
		};
/* End XCConfigurationList section */

/* Begin XCRemoteSwiftPackageReference section */
		11BCDF5E29B484C40062D9C2 /* XCRemoteSwiftPackageReference "Kingfisher" */ = {
			isa = XCRemoteSwiftPackageReference;
			repositoryURL = "https://github.com/onevcat/Kingfisher";
			requirement = {
				kind = upToNextMajorVersion;
				minimumVersion = 7.0.0;
			};
		};
/* End XCRemoteSwiftPackageReference section */

/* Begin XCSwiftPackageProductDependency section */
		11BCDF5F29B484C40062D9C2 /* Kingfisher */ = {
			isa = XCSwiftPackageProductDependency;
			package = 11BCDF5E29B484C40062D9C2 /* XCRemoteSwiftPackageReference "Kingfisher" */;
			productName = Kingfisher;
		};
/* End XCSwiftPackageProductDependency section */
	};
	rootObject = B5FC5B8129ACA0E30083631C /* Project object */;
}
